
Microsoft Visual Studio Solution File, Format Version 12.00
# Visual Studio 15
VisualStudioVersion = 15.0.28307.329
MinimumVisualStudioVersion = 10.0.40219.1
Project("{FAE04EC0-301F-11D3-BF4B-00C04F79EFBC}") = "ControlWork1.Android", "ControlWork1\ControlWork1.Android\ControlWork1.Android.csproj", "{EA42075F-D327-47A7-BCAE-F27F78D35A34}"
EndProject
Project("{FAE04EC0-301F-11D3-BF4B-00C04F79EFBC}") = "ControlWork1", "ControlWork1\ControlWork1\ControlWork1.csproj", "{2128C880-4141-4D58-A9BD-22D050B2DFA6}"
EndProject
Global
	GlobalSection(SolutionConfigurationPlatforms) = preSolution
		Debug|Any CPU = Debug|Any CPU
		Release|Any CPU = Release|Any CPU
	EndGlobalSection
	GlobalSection(ProjectConfigurationPlatforms) = postSolution
		{EA42075F-D327-47A7-BCAE-F27F78D35A34}.Debug|Any CPU.ActiveCfg = Debug|Any CPU
		{EA42075F-D327-47A7-BCAE-F27F78D35A34}.Debug|Any CPU.Build.0 = Debug|Any CPU
		{EA42075F-D327-47A7-BCAE-F27F78D35A34}.Debug|Any CPU.Deploy.0 = Debug|Any CPU
		{EA42075F-D327-47A7-BCAE-F27F78D35A34}.Release|Any CPU.ActiveCfg = Release|Any CPU
		{EA42075F-D327-47A7-BCAE-F27F78D35A34}.Release|Any CPU.Build.0 = Release|Any CPU
		{EA42075F-D327-47A7-BCAE-F27F78D35A34}.Release|Any CPU.Deploy.0 = Release|Any CPU
		{2128C880-4141-4D58-A9BD-22D050B2DFA6}.Debug|Any CPU.ActiveCfg = Debug|Any CPU
		{2128C880-4141-4D58-A9BD-22D050B2DFA6}.Debug|Any CPU.Build.0 = Debug|Any CPU
		{2128C880-4141-4D58-A9BD-22D050B2DFA6}.Release|Any CPU.ActiveCfg = Release|Any CPU
		{2128C880-4141-4D58-A9BD-22D050B2DFA6}.Release|Any CPU.Build.0 = Release|Any CPU
	EndGlobalSection
	GlobalSection(SolutionProperties) = preSolution
		HideSolutionNode = FALSE
	EndGlobalSection
	GlobalSection(ExtensibilityGlobals) = postSolution
		SolutionGuid = {6865AAC6-8621-4C6A-BDC9-6EF901F80B79}
	EndGlobalSection
EndGlobal
